
Microsoft Visual Studio Solution File, Format Version 12.00
# Visual Studio 15
VisualStudioVersion = 15.0.27703.2035
MinimumVisualStudioVersion = 10.0.40219.1
Project("{FAE04EC0-301F-11D3-BF4B-00C04F79EFBC}") = "ProjectedRaises", "ProjectedRaises\ProjectedRaises.csproj", "{D46F5F90-FABF-4605-B079-B19A83B01F73}"
EndProject
Global
	GlobalSection(SolutionConfigurationPlatforms) = preSolution
		Debug|Any CPU = Debug|Any CPU
		Release|Any CPU = Release|Any CPU
	EndGlobalSection
	GlobalSection(ProjectConfigurationPlatforms) = postSolution
		{D46F5F90-FABF-4605-B079-B19A83B01F73}.Debug|Any CPU.ActiveCfg = Debug|Any CPU
		{D46F5F90-FABF-4605-B079-B19A83B01F73}.Debug|Any CPU.Build.0 = Debug|Any CPU
		{D46F5F90-FABF-4605-B079-B19A83B01F73}.Release|Any CPU.ActiveCfg = Release|Any CPU
		{D46F5F90-FABF-4605-B079-B19A83B01F73}.Release|Any CPU.Build.0 = Release|Any CPU
	EndGlobalSection
	GlobalSection(SolutionProperties) = preSolution
		HideSolutionNode = FALSE
	EndGlobalSection
	GlobalSection(ExtensibilityGlobals) = postSolution
		SolutionGuid = {D573AFC9-40CC-4953-A4C7-16A7F0BB5F4E}
	EndGlobalSection
EndGlobal
