
Microsoft Visual Studio Solution File, Format Version 12.00
# Visual Studio 15
VisualStudioVersion = 15.0.27703.2035
MinimumVisualStudioVersion = 10.0.40219.1
Project("{FAE04EC0-301F-11D3-BF4B-00C04F79EFBC}") = "CarRental", "CarRental\CarRental.csproj", "{38424D4C-59A9-4936-81DE-E525B7BB0E72}"
EndProject
Global
	GlobalSection(SolutionConfigurationPlatforms) = preSolution
		Debug|Any CPU = Debug|Any CPU
		Release|Any CPU = Release|Any CPU
	EndGlobalSection
	GlobalSection(ProjectConfigurationPlatforms) = postSolution
		{38424D4C-59A9-4936-81DE-E525B7BB0E72}.Debug|Any CPU.ActiveCfg = Debug|Any CPU
		{38424D4C-59A9-4936-81DE-E525B7BB0E72}.Debug|Any CPU.Build.0 = Debug|Any CPU
		{38424D4C-59A9-4936-81DE-E525B7BB0E72}.Release|Any CPU.ActiveCfg = Release|Any CPU
		{38424D4C-59A9-4936-81DE-E525B7BB0E72}.Release|Any CPU.Build.0 = Release|Any CPU
	EndGlobalSection
	GlobalSection(SolutionProperties) = preSolution
		HideSolutionNode = FALSE
	EndGlobalSection
	GlobalSection(ExtensibilityGlobals) = postSolution
		SolutionGuid = {3C576655-DBC1-4824-9309-27137BBA796C}
	EndGlobalSection
EndGlobal
